
Microsoft Visual Studio Solution File, Format Version 12.00
# Visual Studio Version 16
VisualStudioVersion = 16.0.29911.84
MinimumVisualStudioVersion = 10.0.40219.1
Project("{FAE04EC0-301F-11D3-BF4B-00C04F79EFBC}") = "DemoAdo", "DemoAdo\DemoAdo.csproj", "{5B3A37E4-8EA5-4986-A581-4BF33AAEF8BC}"
EndProject
Global
	GlobalSection(SolutionConfigurationPlatforms) = preSolution
		Debug|Any CPU = Debug|Any CPU
		Release|Any CPU = Release|Any CPU
	EndGlobalSection
	GlobalSection(ProjectConfigurationPlatforms) = postSolution
		{5B3A37E4-8EA5-4986-A581-4BF33AAEF8BC}.Debug|Any CPU.ActiveCfg = Debug|Any CPU
		{5B3A37E4-8EA5-4986-A581-4BF33AAEF8BC}.Debug|Any CPU.Build.0 = Debug|Any CPU
		{5B3A37E4-8EA5-4986-A581-4BF33AAEF8BC}.Release|Any CPU.ActiveCfg = Release|Any CPU
		{5B3A37E4-8EA5-4986-A581-4BF33AAEF8BC}.Release|Any CPU.Build.0 = Release|Any CPU
	EndGlobalSection
	GlobalSection(SolutionProperties) = preSolution
		HideSolutionNode = FALSE
	EndGlobalSection
	GlobalSection(ExtensibilityGlobals) = postSolution
		SolutionGuid = {B21A3759-26BB-4D93-99C0-4B59CEE7601F}
	EndGlobalSection
EndGlobal
